
Microsoft Visual Studio Solution File, Format Version 12.00
# Visual Studio 14
VisualStudioVersion = 14.0.25420.1
MinimumVisualStudioVersion = 10.0.40219.1
Project("{FAE04EC0-301F-11D3-BF4B-00C04F79EFBC}") = "PC_Futures", "PC_Futures\PC_Futures.csproj", "{06D4A3E1-415F-4178-B2DC-75F9CA2E0EE3}"
EndProject
Project("{FAE04EC0-301F-11D3-BF4B-00C04F79EFBC}") = "Utilities", "Utilities\Utilities.csproj", "{A8D9572A-2633-4DCD-B92B-451550E5C755}"
EndProject
Project("{FAE04EC0-301F-11D3-BF4B-00C04F79EFBC}") = "PC_Futures.Models", "PC_Futures.Models\PC_Futures.Models.csproj", "{E0AC6564-DE2D-4F8B-876C-CCA59B05BD27}"
EndProject
Project("{FAE04EC0-301F-11D3-BF4B-00C04F79EFBC}") = "PC_Futures.ANXINYI", "PC_Futures.ANXINYI\PC_Futures.ANXINYI.csproj", "{BCECE493-5152-4F85-9F2A-212F6BB7B2D1}"
EndProject
Project("{FAE04EC0-301F-11D3-BF4B-00C04F79EFBC}") = "PC_Futures.ViewModel", "PC_Futures.ViewModel\PC_Futures.ViewModel.csproj", "{9FB2A8C7-F3F2-4BA1-9D80-5F80D31183E9}"
EndProject
Project("{FAE04EC0-301F-11D3-BF4B-00C04F79EFBC}") = "PC_Futures.WebScoket", "PC_Futures.WebScoket\PC_Futures.WebScoket.csproj", "{2C1118BF-4F10-486F-9383-A86A6DB11D63}"
EndProject
Project("{FAE04EC0-301F-11D3-BF4B-00C04F79EFBC}") = "Futures.Enum", "Futures.Enum\Futures.Enum.csproj", "{17E1BE4B-84BD-42E4-B44F-7DCC90A11FE3}"
EndProject
Global
	GlobalSection(SolutionConfigurationPlatforms) = preSolution
		Debug|Any CPU = Debug|Any CPU
		Release|Any CPU = Release|Any CPU
	EndGlobalSection
	GlobalSection(ProjectConfigurationPlatforms) = postSolution
		{06D4A3E1-415F-4178-B2DC-75F9CA2E0EE3}.Debug|Any CPU.ActiveCfg = Debug|Any CPU
		{06D4A3E1-415F-4178-B2DC-75F9CA2E0EE3}.Debug|Any CPU.Build.0 = Debug|Any CPU
		{06D4A3E1-415F-4178-B2DC-75F9CA2E0EE3}.Release|Any CPU.ActiveCfg = Release|Any CPU
		{06D4A3E1-415F-4178-B2DC-75F9CA2E0EE3}.Release|Any CPU.Build.0 = Release|Any CPU
		{A8D9572A-2633-4DCD-B92B-451550E5C755}.Debug|Any CPU.ActiveCfg = Debug|Any CPU
		{A8D9572A-2633-4DCD-B92B-451550E5C755}.Debug|Any CPU.Build.0 = Debug|Any CPU
		{A8D9572A-2633-4DCD-B92B-451550E5C755}.Release|Any CPU.ActiveCfg = Release|Any CPU
		{A8D9572A-2633-4DCD-B92B-451550E5C755}.Release|Any CPU.Build.0 = Release|Any CPU
		{E0AC6564-DE2D-4F8B-876C-CCA59B05BD27}.Debug|Any CPU.ActiveCfg = Debug|Any CPU
		{E0AC6564-DE2D-4F8B-876C-CCA59B05BD27}.Debug|Any CPU.Build.0 = Debug|Any CPU
		{E0AC6564-DE2D-4F8B-876C-CCA59B05BD27}.Release|Any CPU.ActiveCfg = Release|Any CPU
		{E0AC6564-DE2D-4F8B-876C-CCA59B05BD27}.Release|Any CPU.Build.0 = Release|Any CPU
		{BCECE493-5152-4F85-9F2A-212F6BB7B2D1}.Debug|Any CPU.ActiveCfg = Debug|Any CPU
		{BCECE493-5152-4F85-9F2A-212F6BB7B2D1}.Debug|Any CPU.Build.0 = Debug|Any CPU
		{BCECE493-5152-4F85-9F2A-212F6BB7B2D1}.Release|Any CPU.ActiveCfg = Release|Any CPU
		{BCECE493-5152-4F85-9F2A-212F6BB7B2D1}.Release|Any CPU.Build.0 = Release|Any CPU
		{9FB2A8C7-F3F2-4BA1-9D80-5F80D31183E9}.Debug|Any CPU.ActiveCfg = Debug|Any CPU
		{9FB2A8C7-F3F2-4BA1-9D80-5F80D31183E9}.Debug|Any CPU.Build.0 = Debug|Any CPU
		{9FB2A8C7-F3F2-4BA1-9D80-5F80D31183E9}.Release|Any CPU.ActiveCfg = Release|Any CPU
		{9FB2A8C7-F3F2-4BA1-9D80-5F80D31183E9}.Release|Any CPU.Build.0 = Release|Any CPU
		{2C1118BF-4F10-486F-9383-A86A6DB11D63}.Debug|Any CPU.ActiveCfg = Debug|Any CPU
		{2C1118BF-4F10-486F-9383-A86A6DB11D63}.Debug|Any CPU.Build.0 = Debug|Any CPU
		{2C1118BF-4F10-486F-9383-A86A6DB11D63}.Release|Any CPU.ActiveCfg = Release|Any CPU
		{2C1118BF-4F10-486F-9383-A86A6DB11D63}.Release|Any CPU.Build.0 = Release|Any CPU
		{17E1BE4B-84BD-42E4-B44F-7DCC90A11FE3}.Debug|Any CPU.ActiveCfg = Debug|Any CPU
		{17E1BE4B-84BD-42E4-B44F-7DCC90A11FE3}.Debug|Any CPU.Build.0 = Debug|Any CPU
		{17E1BE4B-84BD-42E4-B44F-7DCC90A11FE3}.Release|Any CPU.ActiveCfg = Release|Any CPU
		{17E1BE4B-84BD-42E4-B44F-7DCC90A11FE3}.Release|Any CPU.Build.0 = Release|Any CPU
	EndGlobalSection
	GlobalSection(SolutionProperties) = preSolution
		HideSolutionNode = FALSE
	EndGlobalSection
EndGlobal
